
Microsoft Visual Studio Solution File, Format Version 12.00
# Visual Studio Version 17
VisualStudioVersion = 17.7.34202.233
MinimumVisualStudioVersion = 10.0.40219.1
Project("{FAE04EC0-301F-11D3-BF4B-00C04F79EFBC}") = "Praktikum4", "Praktikum4.csproj", "{85B3D381-65A4-4265-8398-19DC00CE56BE}"
EndProject
Global
	GlobalSection(SolutionConfigurationPlatforms) = preSolution
		Debug|Any CPU = Debug|Any CPU
		Release|Any CPU = Release|Any CPU
	EndGlobalSection
	GlobalSection(ProjectConfigurationPlatforms) = postSolution
		{85B3D381-65A4-4265-8398-19DC00CE56BE}.Debug|Any CPU.ActiveCfg = Debug|Any CPU
		{85B3D381-65A4-4265-8398-19DC00CE56BE}.Debug|Any CPU.Build.0 = Debug|Any CPU
		{85B3D381-65A4-4265-8398-19DC00CE56BE}.Release|Any CPU.ActiveCfg = Release|Any CPU
		{85B3D381-65A4-4265-8398-19DC00CE56BE}.Release|Any CPU.Build.0 = Release|Any CPU
	EndGlobalSection
	GlobalSection(SolutionProperties) = preSolution
		HideSolutionNode = FALSE
	EndGlobalSection
	GlobalSection(ExtensibilityGlobals) = postSolution
		SolutionGuid = {D5798968-EB9E-4178-8FCE-3E885D748F1C}
	EndGlobalSection
EndGlobal
